
Microsoft Visual Studio Solution File, Format Version 12.00
# Visual Studio Version 17
VisualStudioVersion = 17.7.34024.191
MinimumVisualStudioVersion = 10.0.40219.1
Project("{FAE04EC0-301F-11D3-BF4B-00C04F79EFBC}") = "AskaJohnJonathan", "AskaJohnJonathan\AskaJohnJonathan.csproj", "{D212AD6E-98E5-4F4D-87E8-EBDB917DD2F8}"
EndProject
Global
	GlobalSection(SolutionConfigurationPlatforms) = preSolution
		Debug|Any CPU = Debug|Any CPU
		Release|Any CPU = Release|Any CPU
	EndGlobalSection
	GlobalSection(ProjectConfigurationPlatforms) = postSolution
		{D212AD6E-98E5-4F4D-87E8-EBDB917DD2F8}.Debug|Any CPU.ActiveCfg = Debug|Any CPU
		{D212AD6E-98E5-4F4D-87E8-EBDB917DD2F8}.Debug|Any CPU.Build.0 = Debug|Any CPU
		{D212AD6E-98E5-4F4D-87E8-EBDB917DD2F8}.Release|Any CPU.ActiveCfg = Release|Any CPU
		{D212AD6E-98E5-4F4D-87E8-EBDB917DD2F8}.Release|Any CPU.Build.0 = Release|Any CPU
	EndGlobalSection
	GlobalSection(SolutionProperties) = preSolution
		HideSolutionNode = FALSE
	EndGlobalSection
	GlobalSection(ExtensibilityGlobals) = postSolution
		SolutionGuid = {E93C077C-B837-42C3-AA26-0E565F061638}
	EndGlobalSection
EndGlobal
